
Microsoft Visual Studio Solution File, Format Version 12.00
# Visual Studio Version 16
VisualStudioVersion = 16.0.32929.386
MinimumVisualStudioVersion = 10.0.40219.1
Project("{FAE04EC0-301F-11D3-BF4B-00C04F79EFBC}") = "XamarinVideo.Android", "XamarinVideo.Android\XamarinVideo.Android.csproj", "{32C5D7BD-BE87-4563-901A-830702E2062C}"
EndProject
Project("{FAE04EC0-301F-11D3-BF4B-00C04F79EFBC}") = "XamarinVideo.iOS", "XamarinVideo.iOS\XamarinVideo.iOS.csproj", "{B1EEE244-14FF-47ED-A68B-E0BCE01A1434}"
EndProject
Project("{FAE04EC0-301F-11D3-BF4B-00C04F79EFBC}") = "XamarinVideo", "XamarinVideo\XamarinVideo.csproj", "{826B772B-DC51-4673-B1BE-EAAE5C5E0E7C}"
EndProject
Global
	GlobalSection(SolutionConfigurationPlatforms) = preSolution
		Debug|Any CPU = Debug|Any CPU
		Debug|iPhone = Debug|iPhone
		Debug|iPhoneSimulator = Debug|iPhoneSimulator
		Release|Any CPU = Release|Any CPU
		Release|iPhone = Release|iPhone
		Release|iPhoneSimulator = Release|iPhoneSimulator
	EndGlobalSection
	GlobalSection(ProjectConfigurationPlatforms) = postSolution
		{32C5D7BD-BE87-4563-901A-830702E2062C}.Debug|Any CPU.ActiveCfg = Debug|Any CPU
		{32C5D7BD-BE87-4563-901A-830702E2062C}.Debug|Any CPU.Build.0 = Debug|Any CPU
		{32C5D7BD-BE87-4563-901A-830702E2062C}.Debug|Any CPU.Deploy.0 = Debug|Any CPU
		{32C5D7BD-BE87-4563-901A-830702E2062C}.Debug|iPhone.ActiveCfg = Debug|Any CPU
		{32C5D7BD-BE87-4563-901A-830702E2062C}.Debug|iPhone.Build.0 = Debug|Any CPU
		{32C5D7BD-BE87-4563-901A-830702E2062C}.Debug|iPhone.Deploy.0 = Debug|Any CPU
		{32C5D7BD-BE87-4563-901A-830702E2062C}.Debug|iPhoneSimulator.ActiveCfg = Debug|Any CPU
		{32C5D7BD-BE87-4563-901A-830702E2062C}.Debug|iPhoneSimulator.Build.0 = Debug|Any CPU
		{32C5D7BD-BE87-4563-901A-830702E2062C}.Debug|iPhoneSimulator.Deploy.0 = Debug|Any CPU
		{32C5D7BD-BE87-4563-901A-830702E2062C}.Release|Any CPU.ActiveCfg = Release|Any CPU
		{32C5D7BD-BE87-4563-901A-830702E2062C}.Release|Any CPU.Build.0 = Release|Any CPU
		{32C5D7BD-BE87-4563-901A-830702E2062C}.Release|Any CPU.Deploy.0 = Release|Any CPU
		{32C5D7BD-BE87-4563-901A-830702E2062C}.Release|iPhone.ActiveCfg = Release|Any CPU
		{32C5D7BD-BE87-4563-901A-830702E2062C}.Release|iPhone.Build.0 = Release|Any CPU
		{32C5D7BD-BE87-4563-901A-830702E2062C}.Release|iPhone.Deploy.0 = Release|Any CPU
		{32C5D7BD-BE87-4563-901A-830702E2062C}.Release|iPhoneSimulator.ActiveCfg = Release|Any CPU
		{32C5D7BD-BE87-4563-901A-830702E2062C}.Release|iPhoneSimulator.Build.0 = Release|Any CPU
		{32C5D7BD-BE87-4563-901A-830702E2062C}.Release|iPhoneSimulator.Deploy.0 = Release|Any CPU
		{B1EEE244-14FF-47ED-A68B-E0BCE01A1434}.Debug|Any CPU.ActiveCfg = Debug|iPhone
		{B1EEE244-14FF-47ED-A68B-E0BCE01A1434}.Debug|Any CPU.Build.0 = Debug|iPhone
		{B1EEE244-14FF-47ED-A68B-E0BCE01A1434}.Debug|Any CPU.Deploy.0 = Debug|iPhone
		{B1EEE244-14FF-47ED-A68B-E0BCE01A1434}.Debug|iPhone.ActiveCfg = Debug|iPhone
		{B1EEE244-14FF-47ED-A68B-E0BCE01A1434}.Debug|iPhone.Build.0 = Debug|iPhone
		{B1EEE244-14FF-47ED-A68B-E0BCE01A1434}.Debug|iPhone.Deploy.0 = Debug|iPhone
		{B1EEE244-14FF-47ED-A68B-E0BCE01A1434}.Debug|iPhoneSimulator.ActiveCfg = Debug|iPhoneSimulator
		{B1EEE244-14FF-47ED-A68B-E0BCE01A1434}.Debug|iPhoneSimulator.Build.0 = Debug|iPhoneSimulator
		{B1EEE244-14FF-47ED-A68B-E0BCE01A1434}.Debug|iPhoneSimulator.Deploy.0 = Debug|iPhoneSimulator
		{B1EEE244-14FF-47ED-A68B-E0BCE01A1434}.Release|Any CPU.ActiveCfg = Release|iPhoneSimulator
		{B1EEE244-14FF-47ED-A68B-E0BCE01A1434}.Release|Any CPU.Build.0 = Release|iPhoneSimulator
		{B1EEE244-14FF-47ED-A68B-E0BCE01A1434}.Release|Any CPU.Deploy.0 = Release|iPhoneSimulator
		{B1EEE244-14FF-47ED-A68B-E0BCE01A1434}.Release|iPhone.ActiveCfg = Release|iPhone
		{B1EEE244-14FF-47ED-A68B-E0BCE01A1434}.Release|iPhone.Build.0 = Release|iPhone
		{B1EEE244-14FF-47ED-A68B-E0BCE01A1434}.Release|iPhone.Deploy.0 = Release|iPhone
		{B1EEE244-14FF-47ED-A68B-E0BCE01A1434}.Release|iPhoneSimulator.ActiveCfg = Release|iPhoneSimulator
		{B1EEE244-14FF-47ED-A68B-E0BCE01A1434}.Release|iPhoneSimulator.Build.0 = Release|iPhoneSimulator
		{B1EEE244-14FF-47ED-A68B-E0BCE01A1434}.Release|iPhoneSimulator.Deploy.0 = Release|iPhoneSimulator
		{826B772B-DC51-4673-B1BE-EAAE5C5E0E7C}.Debug|Any CPU.ActiveCfg = Debug|Any CPU
		{826B772B-DC51-4673-B1BE-EAAE5C5E0E7C}.Debug|Any CPU.Build.0 = Debug|Any CPU
		{826B772B-DC51-4673-B1BE-EAAE5C5E0E7C}.Debug|Any CPU.Deploy.0 = Debug|Any CPU
		{826B772B-DC51-4673-B1BE-EAAE5C5E0E7C}.Debug|iPhone.ActiveCfg = Debug|Any CPU
		{826B772B-DC51-4673-B1BE-EAAE5C5E0E7C}.Debug|iPhone.Build.0 = Debug|Any CPU
		{826B772B-DC51-4673-B1BE-EAAE5C5E0E7C}.Debug|iPhone.Deploy.0 = Debug|Any CPU
		{826B772B-DC51-4673-B1BE-EAAE5C5E0E7C}.Debug|iPhoneSimulator.ActiveCfg = Debug|Any CPU
		{826B772B-DC51-4673-B1BE-EAAE5C5E0E7C}.Debug|iPhoneSimulator.Build.0 = Debug|Any CPU
		{826B772B-DC51-4673-B1BE-EAAE5C5E0E7C}.Debug|iPhoneSimulator.Deploy.0 = Debug|Any CPU
		{826B772B-DC51-4673-B1BE-EAAE5C5E0E7C}.Release|Any CPU.ActiveCfg = Release|Any CPU
		{826B772B-DC51-4673-B1BE-EAAE5C5E0E7C}.Release|Any CPU.Build.0 = Release|Any CPU
		{826B772B-DC51-4673-B1BE-EAAE5C5E0E7C}.Release|Any CPU.Deploy.0 = Release|Any CPU
		{826B772B-DC51-4673-B1BE-EAAE5C5E0E7C}.Release|iPhone.ActiveCfg = Release|Any CPU
		{826B772B-DC51-4673-B1BE-EAAE5C5E0E7C}.Release|iPhone.Build.0 = Release|Any CPU
		{826B772B-DC51-4673-B1BE-EAAE5C5E0E7C}.Release|iPhone.Deploy.0 = Release|Any CPU
		{826B772B-DC51-4673-B1BE-EAAE5C5E0E7C}.Release|iPhoneSimulator.ActiveCfg = Release|Any CPU
		{826B772B-DC51-4673-B1BE-EAAE5C5E0E7C}.Release|iPhoneSimulator.Build.0 = Release|Any CPU
		{826B772B-DC51-4673-B1BE-EAAE5C5E0E7C}.Release|iPhoneSimulator.Deploy.0 = Release|Any CPU
	EndGlobalSection
	GlobalSection(SolutionProperties) = preSolution
		HideSolutionNode = FALSE
	EndGlobalSection
	GlobalSection(ExtensibilityGlobals) = postSolution
		SolutionGuid = {88937F0A-6A1F-4305-B257-FC83029763BD}
	EndGlobalSection
EndGlobal
